
Microsoft Visual Studio Solution File, Format Version 12.00
# Visual Studio Version 17
VisualStudioVersion = 17.3.32929.385
MinimumVisualStudioVersion = 10.0.40219.1
Project("{FAE04EC0-301F-11D3-BF4B-00C04F79EFBC}") = "FluentValidationWebApi", "FluentValidationWebApi\FluentValidationWebApi.csproj", "{F074EBAF-0762-47D2-82A2-B425D354610C}"
EndProject
Project("{FAE04EC0-301F-11D3-BF4B-00C04F79EFBC}") = "ExternalModel.Library", "ExternalModel.Library\ExternalModel.Library.csproj", "{8DA7BD8B-AE1C-448B-BE32-77651038BBC1}"
EndProject
Global
	GlobalSection(SolutionConfigurationPlatforms) = preSolution
		Debug|Any CPU = Debug|Any CPU
		Release|Any CPU = Release|Any CPU
	EndGlobalSection
	GlobalSection(ProjectConfigurationPlatforms) = postSolution
		{F074EBAF-0762-47D2-82A2-B425D354610C}.Debug|Any CPU.ActiveCfg = Debug|Any CPU
		{F074EBAF-0762-47D2-82A2-B425D354610C}.Debug|Any CPU.Build.0 = Debug|Any CPU
		{F074EBAF-0762-47D2-82A2-B425D354610C}.Release|Any CPU.ActiveCfg = Release|Any CPU
		{F074EBAF-0762-47D2-82A2-B425D354610C}.Release|Any CPU.Build.0 = Release|Any CPU
		{8DA7BD8B-AE1C-448B-BE32-77651038BBC1}.Debug|Any CPU.ActiveCfg = Debug|Any CPU
		{8DA7BD8B-AE1C-448B-BE32-77651038BBC1}.Debug|Any CPU.Build.0 = Debug|Any CPU
		{8DA7BD8B-AE1C-448B-BE32-77651038BBC1}.Release|Any CPU.ActiveCfg = Release|Any CPU
		{8DA7BD8B-AE1C-448B-BE32-77651038BBC1}.Release|Any CPU.Build.0 = Release|Any CPU
	EndGlobalSection
	GlobalSection(SolutionProperties) = preSolution
		HideSolutionNode = FALSE
	EndGlobalSection
	GlobalSection(ExtensibilityGlobals) = postSolution
		SolutionGuid = {9D223B41-746E-4ECA-B9F8-9A67B3AC07C7}
	EndGlobalSection
EndGlobal
